
Microsoft Visual Studio Solution File, Format Version 12.00
# Visual Studio Version 17
VisualStudioVersion = 17.0.31903.59
MinimumVisualStudioVersion = 10.0.40219.1
Project("{FAE04EC0-301F-11D3-BF4B-00C04F79EFBC}") = "TicketGo.Domain", "TicketGo.Domain\TicketGo.Domain.csproj", "{39D2366E-D257-44ED-ACBB-112F55AF3CD1}"
EndProject
Project("{FAE04EC0-301F-11D3-BF4B-00C04F79EFBC}") = "TicketGo.Application", "TicketGo.Application\TicketGo.Application.csproj", "{3261015B-B76E-43B2-9A28-28FED55658D7}"
EndProject
Project("{FAE04EC0-301F-11D3-BF4B-00C04F79EFBC}") = "TicketGo.Infrastructure", "TicketGo.Infrastructure\TicketGo.Infrastructure.csproj", "{E36182D6-1A02-497D-830E-92C1EF247756}"
EndProject
Project("{FAE04EC0-301F-11D3-BF4B-00C04F79EFBC}") = "TicketGo.Web", "TicketGo.Web\TicketGo.Web.csproj", "{484B9F93-F656-4CA1-B816-BC0D48C0992C}"
EndProject
Global
	GlobalSection(SolutionConfigurationPlatforms) = preSolution
		Debug|Any CPU = Debug|Any CPU
		Release|Any CPU = Release|Any CPU
	EndGlobalSection
	GlobalSection(SolutionProperties) = preSolution
		HideSolutionNode = FALSE
	EndGlobalSection
	GlobalSection(ProjectConfigurationPlatforms) = postSolution
		{39D2366E-D257-44ED-ACBB-112F55AF3CD1}.Debug|Any CPU.ActiveCfg = Debug|Any CPU
		{39D2366E-D257-44ED-ACBB-112F55AF3CD1}.Debug|Any CPU.Build.0 = Debug|Any CPU
		{39D2366E-D257-44ED-ACBB-112F55AF3CD1}.Release|Any CPU.ActiveCfg = Release|Any CPU
		{39D2366E-D257-44ED-ACBB-112F55AF3CD1}.Release|Any CPU.Build.0 = Release|Any CPU
		{3261015B-B76E-43B2-9A28-28FED55658D7}.Debug|Any CPU.ActiveCfg = Debug|Any CPU
		{3261015B-B76E-43B2-9A28-28FED55658D7}.Debug|Any CPU.Build.0 = Debug|Any CPU
		{3261015B-B76E-43B2-9A28-28FED55658D7}.Release|Any CPU.ActiveCfg = Release|Any CPU
		{3261015B-B76E-43B2-9A28-28FED55658D7}.Release|Any CPU.Build.0 = Release|Any CPU
		{E36182D6-1A02-497D-830E-92C1EF247756}.Debug|Any CPU.ActiveCfg = Debug|Any CPU
		{E36182D6-1A02-497D-830E-92C1EF247756}.Debug|Any CPU.Build.0 = Debug|Any CPU
		{E36182D6-1A02-497D-830E-92C1EF247756}.Release|Any CPU.ActiveCfg = Release|Any CPU
		{E36182D6-1A02-497D-830E-92C1EF247756}.Release|Any CPU.Build.0 = Release|Any CPU
		{484B9F93-F656-4CA1-B816-BC0D48C0992C}.Debug|Any CPU.ActiveCfg = Debug|Any CPU
		{484B9F93-F656-4CA1-B816-BC0D48C0992C}.Debug|Any CPU.Build.0 = Debug|Any CPU
		{484B9F93-F656-4CA1-B816-BC0D48C0992C}.Release|Any CPU.ActiveCfg = Release|Any CPU
		{484B9F93-F656-4CA1-B816-BC0D48C0992C}.Release|Any CPU.Build.0 = Release|Any CPU
	EndGlobalSection
EndGlobal
